
Microsoft Visual Studio Solution File, Format Version 12.00
# Visual Studio Version 17
VisualStudioVersion = 17.0.31919.166
MinimumVisualStudioVersion = 10.0.40219.1
Project("{FAE04EC0-301F-11D3-BF4B-00C04F79EFBC}") = "RabbetDark", "RabbetTheme\RabbetDark.csproj", "{FA5F9074-22BC-4AF6-921B-5D7D00F63332}"
EndProject
Project("{FAE04EC0-301F-11D3-BF4B-00C04F79EFBC}") = "CSharpExample", "CSharpExample\CSharpExample.csproj", "{58743847-A3AC-4E22-AA0A-C32779EBE60C}"
EndProject
Project("{8BC9CEB8-8B4A-11D0-8D11-00A0C91BC942}") = "CPlusPlusExample", "CPlusPlusExample\CPlusPlusExample.vcxproj", "{CFB0E89B-1473-444B-B6AE-6D47D36D687D}"
EndProject
Global
	GlobalSection(SolutionConfigurationPlatforms) = preSolution
		Debug|Any CPU = Debug|Any CPU
		Debug|x64 = Debug|x64
		Debug|x86 = Debug|x86
		Release|Any CPU = Release|Any CPU
		Release|x64 = Release|x64
		Release|x86 = Release|x86
	EndGlobalSection
	GlobalSection(ProjectConfigurationPlatforms) = postSolution
		{FA5F9074-22BC-4AF6-921B-5D7D00F63332}.Debug|Any CPU.ActiveCfg = Debug|Any CPU
		{FA5F9074-22BC-4AF6-921B-5D7D00F63332}.Debug|Any CPU.Build.0 = Debug|Any CPU
		{FA5F9074-22BC-4AF6-921B-5D7D00F63332}.Debug|x64.ActiveCfg = Debug|Any CPU
		{FA5F9074-22BC-4AF6-921B-5D7D00F63332}.Debug|x64.Build.0 = Debug|Any CPU
		{FA5F9074-22BC-4AF6-921B-5D7D00F63332}.Debug|x86.ActiveCfg = Debug|x86
		{FA5F9074-22BC-4AF6-921B-5D7D00F63332}.Debug|x86.Build.0 = Debug|x86
		{FA5F9074-22BC-4AF6-921B-5D7D00F63332}.Release|Any CPU.ActiveCfg = Release|Any CPU
		{FA5F9074-22BC-4AF6-921B-5D7D00F63332}.Release|Any CPU.Build.0 = Release|Any CPU
		{FA5F9074-22BC-4AF6-921B-5D7D00F63332}.Release|x64.ActiveCfg = Release|Any CPU
		{FA5F9074-22BC-4AF6-921B-5D7D00F63332}.Release|x64.Build.0 = Release|Any CPU
		{FA5F9074-22BC-4AF6-921B-5D7D00F63332}.Release|x86.ActiveCfg = Release|x86
		{FA5F9074-22BC-4AF6-921B-5D7D00F63332}.Release|x86.Build.0 = Release|x86
		{58743847-A3AC-4E22-AA0A-C32779EBE60C}.Debug|Any CPU.ActiveCfg = Debug|Any CPU
		{58743847-A3AC-4E22-AA0A-C32779EBE60C}.Debug|Any CPU.Build.0 = Debug|Any CPU
		{58743847-A3AC-4E22-AA0A-C32779EBE60C}.Debug|x64.ActiveCfg = Debug|Any CPU
		{58743847-A3AC-4E22-AA0A-C32779EBE60C}.Debug|x64.Build.0 = Debug|Any CPU
		{58743847-A3AC-4E22-AA0A-C32779EBE60C}.Debug|x86.ActiveCfg = Debug|Any CPU
		{58743847-A3AC-4E22-AA0A-C32779EBE60C}.Debug|x86.Build.0 = Debug|Any CPU
		{58743847-A3AC-4E22-AA0A-C32779EBE60C}.Release|Any CPU.ActiveCfg = Release|Any CPU
		{58743847-A3AC-4E22-AA0A-C32779EBE60C}.Release|Any CPU.Build.0 = Release|Any CPU
		{58743847-A3AC-4E22-AA0A-C32779EBE60C}.Release|x64.ActiveCfg = Release|Any CPU
		{58743847-A3AC-4E22-AA0A-C32779EBE60C}.Release|x64.Build.0 = Release|Any CPU
		{58743847-A3AC-4E22-AA0A-C32779EBE60C}.Release|x86.ActiveCfg = Release|Any CPU
		{58743847-A3AC-4E22-AA0A-C32779EBE60C}.Release|x86.Build.0 = Release|Any CPU
		{CFB0E89B-1473-444B-B6AE-6D47D36D687D}.Debug|Any CPU.ActiveCfg = Debug|x64
		{CFB0E89B-1473-444B-B6AE-6D47D36D687D}.Debug|Any CPU.Build.0 = Debug|x64
		{CFB0E89B-1473-444B-B6AE-6D47D36D687D}.Debug|x64.ActiveCfg = Debug|x64
		{CFB0E89B-1473-444B-B6AE-6D47D36D687D}.Debug|x64.Build.0 = Debug|x64
		{CFB0E89B-1473-444B-B6AE-6D47D36D687D}.Debug|x86.ActiveCfg = Debug|Win32
		{CFB0E89B-1473-444B-B6AE-6D47D36D687D}.Debug|x86.Build.0 = Debug|Win32
		{CFB0E89B-1473-444B-B6AE-6D47D36D687D}.Release|Any CPU.ActiveCfg = Release|x64
		{CFB0E89B-1473-444B-B6AE-6D47D36D687D}.Release|Any CPU.Build.0 = Release|x64
		{CFB0E89B-1473-444B-B6AE-6D47D36D687D}.Release|x64.ActiveCfg = Release|x64
		{CFB0E89B-1473-444B-B6AE-6D47D36D687D}.Release|x64.Build.0 = Release|x64
		{CFB0E89B-1473-444B-B6AE-6D47D36D687D}.Release|x86.ActiveCfg = Release|Win32
		{CFB0E89B-1473-444B-B6AE-6D47D36D687D}.Release|x86.Build.0 = Release|Win32
	EndGlobalSection
	GlobalSection(SolutionProperties) = preSolution
		HideSolutionNode = FALSE
	EndGlobalSection
	GlobalSection(ExtensibilityGlobals) = postSolution
		SolutionGuid = {D3363BE5-2CB8-451A-9E1A-979947679731}
	EndGlobalSection
EndGlobal
